
Microsoft Visual Studio Solution File, Format Version 12.00
# Visual Studio Version 17
VisualStudioVersion = 17.0.31903.59
MinimumVisualStudioVersion = 10.0.40219.1
Project("{2150E333-8FDC-42A3-9474-1A3956D46DE8}") = "src", "src", "{81EE67EF-5740-460D-B807-2B110788A69C}"
EndProject
Project("{9A19103F-16F7-4668-BE54-9A1E7A4F7556}") = "AuctionService", "src\AuctionService\AuctionService.csproj", "{F23967A3-EB59-4A4B-85AB-2ACBCD765BA8}"
EndProject
Project("{9A19103F-16F7-4668-BE54-9A1E7A4F7556}") = "SearchService", "src\SearchService\SearchService.csproj", "{57FB290B-4DBE-4F21-8944-4B2BE0EAC2CB}"
EndProject
Project("{9A19103F-16F7-4668-BE54-9A1E7A4F7556}") = "Contracts", "src\Contracts\Contracts.csproj", "{A2D6B60D-97B6-4E8A-9EDB-613DE929165D}"
EndProject
Project("{9A19103F-16F7-4668-BE54-9A1E7A4F7556}") = "IdentityService", "src\IdentityService\IdentityService.csproj", "{1F55BEF7-6A93-46DC-9807-3F2E53739C8A}"
EndProject
Global
	GlobalSection(SolutionConfigurationPlatforms) = preSolution
		Debug|Any CPU = Debug|Any CPU
		Release|Any CPU = Release|Any CPU
	EndGlobalSection
	GlobalSection(ProjectConfigurationPlatforms) = postSolution
		{F23967A3-EB59-4A4B-85AB-2ACBCD765BA8}.Debug|Any CPU.ActiveCfg = Debug|Any CPU
		{F23967A3-EB59-4A4B-85AB-2ACBCD765BA8}.Debug|Any CPU.Build.0 = Debug|Any CPU
		{F23967A3-EB59-4A4B-85AB-2ACBCD765BA8}.Release|Any CPU.ActiveCfg = Release|Any CPU
		{F23967A3-EB59-4A4B-85AB-2ACBCD765BA8}.Release|Any CPU.Build.0 = Release|Any CPU
		{57FB290B-4DBE-4F21-8944-4B2BE0EAC2CB}.Debug|Any CPU.ActiveCfg = Debug|Any CPU
		{57FB290B-4DBE-4F21-8944-4B2BE0EAC2CB}.Debug|Any CPU.Build.0 = Debug|Any CPU
		{57FB290B-4DBE-4F21-8944-4B2BE0EAC2CB}.Release|Any CPU.ActiveCfg = Release|Any CPU
		{57FB290B-4DBE-4F21-8944-4B2BE0EAC2CB}.Release|Any CPU.Build.0 = Release|Any CPU
		{A2D6B60D-97B6-4E8A-9EDB-613DE929165D}.Debug|Any CPU.ActiveCfg = Debug|Any CPU
		{A2D6B60D-97B6-4E8A-9EDB-613DE929165D}.Debug|Any CPU.Build.0 = Debug|Any CPU
		{A2D6B60D-97B6-4E8A-9EDB-613DE929165D}.Release|Any CPU.ActiveCfg = Release|Any CPU
		{A2D6B60D-97B6-4E8A-9EDB-613DE929165D}.Release|Any CPU.Build.0 = Release|Any CPU
		{1F55BEF7-6A93-46DC-9807-3F2E53739C8A}.Debug|Any CPU.ActiveCfg = Debug|Any CPU
		{1F55BEF7-6A93-46DC-9807-3F2E53739C8A}.Debug|Any CPU.Build.0 = Debug|Any CPU
		{1F55BEF7-6A93-46DC-9807-3F2E53739C8A}.Release|Any CPU.ActiveCfg = Release|Any CPU
		{1F55BEF7-6A93-46DC-9807-3F2E53739C8A}.Release|Any CPU.Build.0 = Release|Any CPU
	EndGlobalSection
	GlobalSection(SolutionProperties) = preSolution
		HideSolutionNode = FALSE
	EndGlobalSection
	GlobalSection(NestedProjects) = preSolution
		{F23967A3-EB59-4A4B-85AB-2ACBCD765BA8} = {81EE67EF-5740-460D-B807-2B110788A69C}
		{57FB290B-4DBE-4F21-8944-4B2BE0EAC2CB} = {81EE67EF-5740-460D-B807-2B110788A69C}
		{A2D6B60D-97B6-4E8A-9EDB-613DE929165D} = {81EE67EF-5740-460D-B807-2B110788A69C}
		{1F55BEF7-6A93-46DC-9807-3F2E53739C8A} = {81EE67EF-5740-460D-B807-2B110788A69C}
	EndGlobalSection
EndGlobal
